{
  "lockfile_version": "1",
  "packages": {
    "deno@2.4.3": {
      "last_modified": "2025-08-09T20:54:02Z",
      "resolved": "github:NixOS/nixpkgs/1ef586712f85b4b004caecd385d6b023e7fd2450#deno",
      "source": "devbox-search",
      "version": "2.4.3",
      "systems": {
        "aarch64-darwin": {
          "outputs": [
            {
              "name": "out",
              "path": "/nix/store/lcs1hak1b5qbham5z3vdwnylb72cy3ap-deno-2.4.3",
              "default": true
            }
          ],
          "store_path": "/nix/store/lcs1hak1b5qbham5z3vdwnylb72cy3ap-deno-2.4.3"
        },
        "aarch64-linux": {
          "outputs": [
            {
              "name": "out",
              "path": "/nix/store/8y67n5jc9wjrjpqm0v5dwpv8ibpgir7g-deno-2.4.3",
              "default": true
            }
          ],
          "store_path": "/nix/store/8y67n5jc9wjrjpqm0v5dwpv8ibpgir7g-deno-2.4.3"
        },
        "x86_64-darwin": {
          "outputs": [
            {
              "name": "out",
              "path": "/nix/store/mppyg2s0cdaf5qbsh720pygd6ddanp3g-deno-2.4.3",
              "default": true
            }
          ],
          "store_path": "/nix/store/mppyg2s0cdaf5qbsh720pygd6ddanp3g-deno-2.4.3"
        },
        "x86_64-linux": {
          "outputs": [
            {
              "name": "out",
              "path": "/nix/store/0nzhidvw1qwbxhlc175iq11nglgs61js-deno-2.4.3",
              "default": true
            }
          ],
          "store_path": "/nix/store/0nzhidvw1qwbxhlc175iq11nglgs61js-deno-2.4.3"
        }
      }
    },
    "github:NixOS/nixpkgs/nixpkgs-unstable": {
      "resolved": "github:NixOS/nixpkgs/6c5963357f3c1c840201eda129a99d455074db04?lastModified=1743076231&narHash=sha256-yQugdVfi316qUfqzN8JMaA2vixl%2B45GxNm4oUfXlbgw%3D"
    }
  }
}
