{
  "lockfile_version": "1",
  "packages": {
    "deno@2.7.9": {
      "last_modified": "2026-04-05T07:14:34Z",
      "resolved": "github:NixOS/nixpkgs/bd48fcede9287ff448ecc84c4e94a4fca4bd0d72#deno",
      "source": "devbox-search",
      "version": "2.7.9",
      "systems": {
        "aarch64-darwin": {
          "outputs": [
            {
              "name": "out",
              "path": "/nix/store/1wwmbfs4dzg6fmrn7k45rm6nnw223nbl-deno-2.7.9",
              "default": true
            }
          ],
          "store_path": "/nix/store/1wwmbfs4dzg6fmrn7k45rm6nnw223nbl-deno-2.7.9"
        },
        "aarch64-linux": {
          "outputs": [
            {
              "name": "out",
              "path": "/nix/store/a0xnz9ybvvms3kzp4n5i32abcs3j7b0a-deno-2.7.9",
              "default": true
            }
          ],
          "store_path": "/nix/store/a0xnz9ybvvms3kzp4n5i32abcs3j7b0a-deno-2.7.9"
        },
        "x86_64-darwin": {
          "outputs": [
            {
              "name": "out",
              "path": "/nix/store/hljk7ylwb6r4j2jkchf7mhmyci65hbn2-deno-2.7.9",
              "default": true
            }
          ],
          "store_path": "/nix/store/hljk7ylwb6r4j2jkchf7mhmyci65hbn2-deno-2.7.9"
        },
        "x86_64-linux": {
          "outputs": [
            {
              "name": "out",
              "path": "/nix/store/nj8hdb8an3j79nrvb1lf1vi1w3pbs4f8-deno-2.7.9",
              "default": true
            }
          ],
          "store_path": "/nix/store/nj8hdb8an3j79nrvb1lf1vi1w3pbs4f8-deno-2.7.9"
        }
      }
    },
    "github:NixOS/nixpkgs/nixpkgs-unstable": {
      "resolved": "github:NixOS/nixpkgs/6c5963357f3c1c840201eda129a99d455074db04?lastModified=1743076231&narHash=sha256-yQugdVfi316qUfqzN8JMaA2vixl%2B45GxNm4oUfXlbgw%3D"
    }
  }
}
