{
  "lockfile_version": "1",
  "packages": {
    "deno@2.7.14": {
      "last_modified": "2026-05-14T12:36:40Z",
      "resolved": "github:NixOS/nixpkgs/27198194e52129ccd8e845e7d5911911e7fea7d7#deno",
      "source": "devbox-search",
      "version": "2.7.14",
      "systems": {
        "aarch64-darwin": {
          "outputs": [
            {
              "name": "out",
              "path": "/nix/store/9n0pwbzjcqvsk7xrcqi6hbc82y9w5qvw-deno-2.7.14",
              "default": true
            }
          ],
          "store_path": "/nix/store/9n0pwbzjcqvsk7xrcqi6hbc82y9w5qvw-deno-2.7.14"
        },
        "aarch64-linux": {
          "outputs": [
            {
              "name": "out",
              "path": "/nix/store/i5xncnj5057k755gn4zqvvqh25ncv489-deno-2.7.14",
              "default": true
            }
          ],
          "store_path": "/nix/store/i5xncnj5057k755gn4zqvvqh25ncv489-deno-2.7.14"
        },
        "x86_64-darwin": {
          "outputs": [
            {
              "name": "out",
              "path": "/nix/store/0fmv28819fwdj4xnp9rzaj6lnbmhyydd-deno-2.7.14",
              "default": true
            }
          ],
          "store_path": "/nix/store/0fmv28819fwdj4xnp9rzaj6lnbmhyydd-deno-2.7.14"
        },
        "x86_64-linux": {
          "outputs": [
            {
              "name": "out",
              "path": "/nix/store/yxa361y5bijcbbigi5ijsy3lv40hx513-deno-2.7.14",
              "default": true
            }
          ],
          "store_path": "/nix/store/yxa361y5bijcbbigi5ijsy3lv40hx513-deno-2.7.14"
        }
      }
    },
    "github:NixOS/nixpkgs/nixpkgs-unstable": {
      "resolved": "github:NixOS/nixpkgs/6c5963357f3c1c840201eda129a99d455074db04?lastModified=1743076231&narHash=sha256-yQugdVfi316qUfqzN8JMaA2vixl%2B45GxNm4oUfXlbgw%3D"
    }
  }
}
